// !$*UTF8*$!
{
	archiveVersion = 1;
	classes = {
	};
	objectVersion = 48;
	objects = {

/* Begin PBXBuildFile section */
		5411ED1A1FB9E9B40069B5AE /* AppDelegate.m in Sources */ = {isa = PBXBuildFile; fileRef = 5411ED191FB9E9B40069B5AE /* AppDelegate.m */; };
		5411ED1D1FB9E9B40069B5AE /* ViewController.m in Sources */ = {isa = PBXBuildFile; fileRef = 5411ED1C1FB9E9B40069B5AE /* ViewController.m */; };
		5411ED201FB9E9B40069B5AE /* Main.storyboard in Resources */ = {isa = PBXBuildFile; fileRef = 5411ED1E1FB9E9B40069B5AE /* Main.storyboard */; };
		5411ED221FB9E9B40069B5AE /* Assets.xcassets in Resources */ = {isa = PBXBuildFile; fileRef = 5411ED211FB9E9B40069B5AE /* Assets.xcassets */; };
		5411ED251FB9E9B40069B5AE /* LaunchScreen.storyboard in Resources */ = {isa = PBXBuildFile; fileRef = 5411ED231FB9E9B40069B5AE /* LaunchScreen.storyboard */; };
		5411ED281FB9E9B40069B5AE /* main.m in Sources */ = {isa = PBXBuildFile; fileRef = 5411ED271FB9E9B40069B5AE /* main.m */; };
/* End PBXBuildFile section */

/* Begin PBXFileReference section */
		5411ED151FB9E9B40069B5AE /* BCDBabyCare.app */ = {isa = PBXFileReference; explicitFileType = wrapper.application; includeInIndex = 0; path = BCDBabyCare.app; sourceTree = BUILT_PRODUCTS_DIR; };
		5411ED181FB9E9B40069B5AE /* AppDelegate.h */ = {isa = PBXFileReference; lastKnownFileType = sourcecode.c.h; path = AppDelegate.h; sourceTree = "<group>"; };
		5411ED191FB9E9B40069B5AE /* AppDelegate.m */ = {isa = PBXFileReference; lastKnownFileType = sourcecode.c.objc; path = AppDelegate.m; sourceTree = "<group>"; };
		5411ED1B1FB9E9B40069B5AE /* ViewController.h */ = {isa = PBXFileReference; lastKnownFileType = sourcecode.c.h; path = ViewController.h; sourceTree = "<group>"; };
		5411ED1C1FB9E9B40069B5AE /* ViewController.m */ = {isa = PBXFileReference; lastKnownFileType = sourcecode.c.objc; path = ViewController.m; sourceTree = "<group>"; };
		5411ED1F1FB9E9B40069B5AE /* Base */ = {isa = PBXFileReference; lastKnownFileType = file.storyboard; name = Base; path = Base.lproj/Main.storyboard; sourceTree = "<group>"; };
		5411ED211FB9E9B40069B5AE /* Assets.xcassets */ = {isa = PBXFileReference; lastKnownFileType = folder.assetcatalog; path = Assets.xcassets; sourceTree = "<group>"; };
		5411ED241FB9E9B40069B5AE /* Base */ = {isa = PBXFileReference; lastKnownFileType = file.storyboard; name = Base; path = Base.lproj/LaunchScreen.storyboard; sourceTree = "<group>"; };
		5411ED261FB9E9B40069B5AE /* Info.plist */ = {isa = PBXFileReference; lastKnownFileType = text.plist.xml; path = Info.plist; sourceTree = "<group>"; };
		5411ED271FB9E9B40069B5AE /* main.m */ = {isa = PBXFileReference; lastKnownFileType = sourcecode.c.objc; path = main.m; sourceTree = "<group>"; };
/* End PBXFileReference section */

/* Begin PBXFrameworksBuildPhase section */
		5411ED121FB9E9B40069B5AE /* Frameworks */ = {
			isa = PBXFrameworksBuildPhase;
			buildActionMask = 2147483647;
			files = (
			);
			runOnlyForDeploymentPostprocessing = 0;
		};
/* End PBXFrameworksBuildPhase section */

/* Begin PBXGroup section */
		5411ED0C1FB9E9B40069B5AE = {
			isa = PBXGroup;
			children = (
				5411ED171FB9E9B40069B5AE /* BCDBabyCare */,
				5411ED161FB9E9B40069B5AE /* Products */,
			);
			sourceTree = "<group>";
		};
		5411ED161FB9E9B40069B5AE /* Products */ = {
			isa = PBXGroup;
			children = (
				5411ED151FB9E9B40069B5AE /* BCDBabyCare.app */,
			);
			name = Products;
			sourceTree = "<group>";
		};
		5411ED171FB9E9B40069B5AE /* BCDBabyCare */ = {
			isa = PBXGroup;
			children = (
				5411ED181FB9E9B40069B5AE /* AppDelegate.h */,
				5411ED191FB9E9B40069B5AE /* AppDelegate.m */,
				5411ED1B1FB9E9B40069B5AE /* ViewController.h */,
				5411ED1C1FB9E9B40069B5AE /* ViewController.m */,
				5411ED1E1FB9E9B40069B5AE /* Main.storyboard */,
				5411ED211FB9E9B40069B5AE /* Assets.xcassets */,
				5411ED231FB9E9B40069B5AE /* LaunchScreen.storyboard */,
				5411ED261FB9E9B40069B5AE /* Info.plist */,
				5411ED271FB9E9B40069B5AE /* main.m */,
			);
			path = BCDBabyCare;
			sourceTree = "<group>";
		};
/* End PBXGroup section */

/* Begin PBXNativeTarget section */
		5411ED141FB9E9B40069B5AE /* BCDBabyCare */ = {
			isa = PBXNativeTarget;
			buildConfigurationList = 5411ED2B1FB9E9B40069B5AE /* Build configuration list for PBXNativeTarget "BCDBabyCare" */;
			buildPhases = (
				5411ED111FB9E9B40069B5AE /* Sources */,
				5411ED121FB9E9B40069B5AE /* Frameworks */,
				5411ED131FB9E9B40069B5AE /* Resources */,
			);
			buildRules = (
			);
			dependencies = (
			);
			name = BCDBabyCare;
			productName = BCDBabyCare;
			productReference = 5411ED151FB9E9B40069B5AE /* BCDBabyCare.app */;
			productType = "com.apple.product-type.application";
		};
/* End PBXNativeTarget section */

/* Begin PBXProject section */
		5411ED0D1FB9E9B40069B5AE /* Project object */ = {
			isa = PBXProject;
			attributes = {
				LastUpgradeCheck = 0910;
				ORGANIZATIONNAME = bbigcd;
				TargetAttributes = {
					5411ED141FB9E9B40069B5AE = {
						CreatedOnToolsVersion = 9.1;
						ProvisioningStyle = Automatic;
					};
				};
			};
			buildConfigurationList = 5411ED101FB9E9B40069B5AE /* Build configuration list for PBXProject "BCDBabyCare" */;
			compatibilityVersion = "Xcode 8.0";
			developmentRegion = en;
			hasScannedForEncodings = 0;
			knownRegions = (
				en,
				Base,
			);
			mainGroup = 5411ED0C1FB9E9B40069B5AE;
			productRefGroup = 5411ED161FB9E9B40069B5AE /* Products */;
			projectDirPath = "";
			projectRoot = "";
			targets = (
				5411ED141FB9E9B40069B5AE /* BCDBabyCare */,
			);
		};
/* End PBXProject section */

/* Begin PBXResourcesBuildPhase section */
		5411ED131FB9E9B40069B5AE /* Resources */ = {
			isa = PBXResourcesBuildPhase;
			buildActionMask = 2147483647;
			files = (
				5411ED251FB9E9B40069B5AE /* LaunchScreen.storyboard in Resources */,
				5411ED221FB9E9B40069B5AE /* Assets.xcassets in Resources */,
				5411ED201FB9E9B40069B5AE /* Main.storyboard in Resources */,
			);
			runOnlyForDeploymentPostprocessing = 0;
		};
/* End PBXResourcesBuildPhase section */

/* Begin PBXSourcesBuildPhase section */
		5411ED111FB9E9B40069B5AE /* Sources */ = {
			isa = PBXSourcesBuildPhase;
			buildActionMask = 2147483647;
			files = (
				5411ED1D1FB9E9B40069B5AE /* ViewController.m in Sources */,
				5411ED281FB9E9B40069B5AE /* main.m in Sources */,
				5411ED1A1FB9E9B40069B5AE /* AppDelegate.m in Sources */,
			);
			runOnlyForDeploymentPostprocessing = 0;
		};
/* End PBXSourcesBuildPhase section */

/* Begin PBXVariantGroup section */
		5411ED1E1FB9E9B40069B5AE /* Main.storyboard */ = {
			isa = PBXVariantGroup;
			children = (
				5411ED1F1FB9E9B40069B5AE /* Base */,
			);
			name = Main.storyboard;
			sourceTree = "<group>";
		};
		5411ED231FB9E9B40069B5AE /* LaunchScreen.storyboard */ = {
			isa = PBXVariantGroup;
			children = (
				5411ED241FB9E9B40069B5AE /* Base */,
			);
			name = LaunchScreen.storyboard;
			sourceTree = "<group>";
		};
/* End PBXVariantGroup section */

/* Begin XCBuildConfiguration section */
		5411ED291FB9E9B40069B5AE /* Debug */ = {
			isa = XCBuildConfiguration;
			buildSettings = {
				ALWAYS_SEARCH_USER_PATHS = NO;
				CLANG_ANALYZER_NONNULL = YES;
				CLANG_ANALYZER_NUMBER_OBJECT_CONVERSION = YES_AGGRESSIVE;
				CLANG_CXX_LANGUAGE_STANDARD = "gnu++14";
				CLANG_CXX_LIBRARY = "libc++";
				CLANG_ENABLE_MODULES = YES;
				CLANG_ENABLE_OBJC_ARC = YES;
				CLANG_WARN_BLOCK_CAPTURE_AUTORELEASING = YES;
				CLANG_WARN_BOOL_CONVERSION = YES;
				CLANG_WARN_COMMA = YES;
				CLANG_WARN_CONSTANT_CONVERSION = YES;
				CLANG_WARN_DIRECT_OBJC_ISA_USAGE = YES_ERROR;
				CLANG_WARN_DOCUMENTATION_COMMENTS = YES;
				CLANG_WARN_EMPTY_BODY = YES;
				CLANG_WARN_ENUM_CONVERSION = YES;
				CLANG_WARN_INFINITE_RECURSION = YES;
				CLANG_WARN_INT_CONVERSION = YES;
				CLANG_WARN_NON_LITERAL_NULL_CONVERSION = YES;
				CLANG_WARN_OBJC_LITERAL_CONVERSION = YES;
				CLANG_WARN_OBJC_ROOT_CLASS = YES_ERROR;
				CLANG_WARN_RANGE_LOOP_ANALYSIS = YES;
				CLANG_WARN_STRICT_PROTOTYPES = YES;
				CLANG_WARN_SUSPICIOUS_MOVE = YES;
				CLANG_WARN_UNGUARDED_AVAILABILITY = YES_AGGRESSIVE;
				CLANG_WARN_UNREACHABLE_CODE = YES;
				CLANG_WARN__DUPLICATE_METHOD_MATCH = YES;
				CODE_SIGN_IDENTITY = "iPhone Developer";
				COPY_PHASE_STRIP = NO;
				DEBUG_INFORMATION_FORMAT = dwarf;
				ENABLE_STRICT_OBJC_MSGSEND = YES;
				ENABLE_TESTABILITY = YES;
				GCC_C_LANGUAGE_STANDARD = gnu11;
				GCC_DYNAMIC_NO_PIC = NO;
				GCC_NO_COMMON_BLOCKS = YES;
				GCC_OPTIMIZATION_LEVEL = 0;
				GCC_PREPROCESSOR_DEFINITIONS = (
					"DEBUG=1",
					"$(inherited)",
				);
				GCC_WARN_64_TO_32_BIT_CONVERSION = YES;
				GCC_WARN_ABOUT_RETURN_TYPE = YES_ERROR;
				GCC_WARN_UNDECLARED_SELECTOR = YES;
				GCC_WARN_UNINITIALIZED_AUTOS = YES_AGGRESSIVE;
				GCC_WARN_UNUSED_FUNCTION = YES;
				GCC_WARN_UNUSED_VARIABLE = YES;
				IPHONEOS_DEPLOYMENT_TARGET = 11.1;
				MTL_ENABLE_DEBUG_INFO = YES;
				ONLY_ACTIVE_ARCH = YES;
				SDKROOT = iphoneos;
			};
			name = Debug;
		};
		5411ED2A1FB9E9B40069B5AE /* Release */ = {
			isa = XCBuildConfiguration;
			buildSettings = {
				ALWAYS_SEARCH_USER_PATHS = NO;
				CLANG_ANALYZER_NONNULL = YES;
				CLANG_ANALYZER_NUMBER_OBJECT_CONVERSION = YES_AGGRESSIVE;
				CLANG_CXX_LANGUAGE_STANDARD = "gnu++14";
				CLANG_CXX_LIBRARY = "libc++";
				CLANG_ENABLE_MODULES = YES;
				CLANG_ENABLE_OBJC_ARC = YES;
				CLANG_WARN_BLOCK_CAPTURE_AUTORELEASING = YES;
				CLANG_WARN_BOOL_CONVERSION = YES;
				CLANG_WARN_COMMA = YES;
				CLANG_WARN_CONSTANT_CONVERSION = YES;
				CLANG_WARN_DIRECT_OBJC_ISA_USAGE = YES_ERROR;
				CLANG_WARN_DOCUMENTATION_COMMENTS = YES;
				CLANG_WARN_EMPTY_BODY = YES;
				CLANG_WARN_ENUM_CONVERSION = YES;
				CLANG_WARN_INFINITE_RECURSION = YES;
				CLANG_WARN_INT_CONVERSION = YES;
				CLANG_WARN_NON_LITERAL_NULL_CONVERSION = YES;
				CLANG_WARN_OBJC_LITERAL_CONVERSION = YES;
				CLANG_WARN_OBJC_ROOT_CLASS = YES_ERROR;
				CLANG_WARN_RANGE_LOOP_ANALYSIS = YES;
				CLANG_WARN_STRICT_PROTOTYPES = YES;
				CLANG_WARN_SUSPICIOUS_MOVE = YES;
				CLANG_WARN_UNGUARDED_AVAILABILITY = YES_AGGRESSIVE;
				CLANG_WARN_UNREACHABLE_CODE = YES;
				CLANG_WARN__DUPLICATE_METHOD_MATCH = YES;
				CODE_SIGN_IDENTITY = "iPhone Developer";
				COPY_PHASE_STRIP = NO;
				DEBUG_INFORMATION_FORMAT = "dwarf-with-dsym";
				ENABLE_NS_ASSERTIONS = NO;
				ENABLE_STRICT_OBJC_MSGSEND = YES;
				GCC_C_LANGUAGE_STANDARD = gnu11;
				GCC_NO_COMMON_BLOCKS = YES;
				GCC_WARN_64_TO_32_BIT_CONVERSION = YES;
				GCC_WARN_ABOUT_RETURN_TYPE = YES_ERROR;
				GCC_WARN_UNDECLARED_SELECTOR = YES;
				GCC_WARN_UNINITIALIZED_AUTOS = YES_AGGRESSIVE;
				GCC_WARN_UNUSED_FUNCTION = YES;
				GCC_WARN_UNUSED_VARIABLE = YES;
				IPHONEOS_DEPLOYMENT_TARGET = 11.1;
				MTL_ENABLE_DEBUG_INFO = NO;
				SDKROOT = iphoneos;
				VALIDATE_PRODUCT = YES;
			};
			name = Release;
		};
		5411ED2C1FB9E9B40069B5AE /* Debug */ = {
			isa = XCBuildConfiguration;
			buildSettings = {
				ASSETCATALOG_COMPILER_APPICON_NAME = AppIcon;
				CODE_SIGN_STYLE = Automatic;
				DEVELOPMENT_TEAM = 7E2J7CUZTM;
				INFOPLIST_FILE = BCDBabyCare/Info.plist;
				IPHONEOS_DEPLOYMENT_TARGET = 9.0;
				LD_RUNPATH_SEARCH_PATHS = "$(inherited) @executable_path/Frameworks";
				PRODUCT_BUNDLE_IDENTIFIER = bbigcd.BCDBabyCare;
				PRODUCT_NAME = "$(TARGET_NAME)";
				TARGETED_DEVICE_FAMILY = "1,2";
			};
			name = Debug;
		};
		5411ED2D1FB9E9B40069B5AE /* Release */ = {
			isa = XCBuildConfiguration;
			buildSettings = {
				ASSETCATALOG_COMPILER_APPICON_NAME = AppIcon;
				CODE_SIGN_STYLE = Automatic;
				DEVELOPMENT_TEAM = 7E2J7CUZTM;
				INFOPLIST_FILE = BCDBabyCare/Info.plist;
				IPHONEOS_DEPLOYMENT_TARGET = 9.0;
				LD_RUNPATH_SEARCH_PATHS = "$(inherited) @executable_path/Frameworks";
				PRODUCT_BUNDLE_IDENTIFIER = bbigcd.BCDBabyCare;
				PRODUCT_NAME = "$(TARGET_NAME)";
				TARGETED_DEVICE_FAMILY = "1,2";
			};
			name = Release;
		};
/* End XCBuildConfiguration section */

/* Begin XCConfigurationList section */
		5411ED101FB9E9B40069B5AE /* Build configuration list for PBXProject "BCDBabyCare" */ = {
			isa = XCConfigurationList;
			buildConfigurations = (
				5411ED291FB9E9B40069B5AE /* Debug */,
				5411ED2A1FB9E9B40069B5AE /* Release */,
			);
			defaultConfigurationIsVisible = 0;
			defaultConfigurationName = Release;
		};
		5411ED2B1FB9E9B40069B5AE /* Build configuration list for PBXNativeTarget "BCDBabyCare" */ = {
			isa = XCConfigurationList;
			buildConfigurations = (
				5411ED2C1FB9E9B40069B5AE /* Debug */,
				5411ED2D1FB9E9B40069B5AE /* Release */,
			);
			defaultConfigurationIsVisible = 0;
			defaultConfigurationName = Release;
		};
/* End XCConfigurationList section */
	};
	rootObject = 5411ED0D1FB9E9B40069B5AE /* Project object */;
}
